{
    "_meta": {
        "hash": {
            "sha256": "f2bc098d8943b2a385530e5f6abf57ce9b91a538a5b6337a6d05f54ee85205c3"
        },
        "pipfile-spec": 6,
        "requires": {
            "python_full_version": "3.8.10"
        },
        "sources": [
            {
                "name": "pypi",
                "url": "https://pypi.org/simple",
                "verify_ssl": true
            }
        ]
    },
    "default": {},
    "develop": {}
}
